Microsoft Visual Studio Solution File, Format Version 12.00
# Visual Studio Version 17
VisualStudioVersion = 17.5.2.0
MinimumVisualStudioVersion = 10.0.40219.1
Project("{2150E333-8FDC-42A3-9474-1A3956D46DE8}") = "project-server", "project-server", "{6E9764EE-F51A-08AF-E9EE-AFECB1671451}"
EndProject
Project("{FAE04EC0-301F-11D3-BF4B-00C04F79EFBC}") = "server", "project-server\server.csproj", "{E7F26158-1829-8082-CA73-8ADBEDF03C4D}"
EndProject
Global
	GlobalSection(SolutionConfigurationPlatforms) = preSolution
		Debug|Any CPU = Debug|Any CPU
		Release|Any CPU = Release|Any CPU
	EndGlobalSection
	GlobalSection(ProjectConfigurationPlatforms) = postSolution
		{E7F26158-1829-8082-CA73-8ADBEDF03C4D}.Debug|Any CPU.ActiveCfg = Debug|Any CPU
		{E7F26158-1829-8082-CA73-8ADBEDF03C4D}.Debug|Any CPU.Build.0 = Debug|Any CPU
		{E7F26158-1829-8082-CA73-8ADBEDF03C4D}.Release|Any CPU.ActiveCfg = Release|Any CPU
		{E7F26158-1829-8082-CA73-8ADBEDF03C4D}.Release|Any CPU.Build.0 = Release|Any CPU
	EndGlobalSection
	GlobalSection(SolutionProperties) = preSolution
		HideSolutionNode = FALSE
	EndGlobalSection
	GlobalSection(NestedProjects) = preSolution
		{E7F26158-1829-8082-CA73-8ADBEDF03C4D} = {6E9764EE-F51A-08AF-E9EE-AFECB1671451}
	EndGlobalSection
	GlobalSection(ExtensibilityGlobals) = postSolution
		SolutionGuid = {DBF7112D-D067-40E1-A493-B4EEF3889017}
	EndGlobalSection
EndGlobal
